// !$*UTF8*$!
{
	archiveVersion = 1;
	classes = {
	};
	objectVersion = 50;
	objects = {

/* Begin PBXBuildFile section */
		43E19EF2227862EF003096D8 /* AppDelegate.swift in Sources */ = {isa = PBXBuildFile; fileRef = 43E19EF1227862EF003096D8 /* AppDelegate.swift */; };
		43E19EF4227862EF003096D8 /* GameScene.sks in Resources */ = {isa = PBXBuildFile; fileRef = 43E19EF3227862EF003096D8 /* GameScene.sks */; };
		43E19EF6227862EF003096D8 /* Actions.sks in Resources */ = {isa = PBXBuildFile; fileRef = 43E19EF5227862EF003096D8 /* Actions.sks */; };
		43E19EF8227862EF003096D8 /* GameScene.swift in Sources */ = {isa = PBXBuildFile; fileRef = 43E19EF7227862EF003096D8 /* GameScene.swift */; };
		43E19EFA227862EF003096D8 /* ViewController.swift in Sources */ = {isa = PBXBuildFile; fileRef = 43E19EF9227862EF003096D8 /* ViewController.swift */; };
		43E19EFC227862F3003096D8 /* Assets.xcassets in Resources */ = {isa = PBXBuildFile; fileRef = 43E19EFB227862F3003096D8 /* Assets.xcassets */; };
		43E19EFF227862F3003096D8 /* Main.storyboard in Resources */ = {isa = PBXBuildFile; fileRef = 43E19EFD227862F3003096D8 /* Main.storyboard */; };
		43E19F0B227862F4003096D8 /* DrawTests.swift in Sources */ = {isa = PBXBuildFile; fileRef = 43E19F0A227862F4003096D8 /* DrawTests.swift */; };
		43E19F16227862F4003096D8 /* DrawUITests.swift in Sources */ = {isa = PBXBuildFile; fileRef = 43E19F15227862F4003096D8 /* DrawUITests.swift */; };
/* End PBXBuildFile section */

/* Begin PBXContainerItemProxy section */
		43E19F07227862F4003096D8 /* PBXContainerItemProxy */ = {
			isa = PBXContainerItemProxy;
			containerPortal = 43E19EE6227862EF003096D8 /* Project object */;
			proxyType = 1;
			remoteGlobalIDString = 43E19EED227862EF003096D8;
			remoteInfo = Draw;
		};
		43E19F12227862F4003096D8 /* PBXContainerItemProxy */ = {
			isa = PBXContainerItemProxy;
			containerPortal = 43E19EE6227862EF003096D8 /* Project object */;
			proxyType = 1;
			remoteGlobalIDString = 43E19EED227862EF003096D8;
			remoteInfo = Draw;
		};
/* End PBXContainerItemProxy section */

/* Begin PBXFileReference section */
		43E19EEE227862EF003096D8 /* Draw.app */ = {isa = PBXFileReference; explicitFileType = wrapper.application; includeInIndex = 0; path = Draw.app; sourceTree = BUILT_PRODUCTS_DIR; };
		43E19EF1227862EF003096D8 /* AppDelegate.swift */ = {isa = PBXFileReference; lastKnownFileType = sourcecode.swift; path = AppDelegate.swift; sourceTree = "<group>"; };
		43E19EF3227862EF003096D8 /* GameScene.sks */ = {isa = PBXFileReference; lastKnownFileType = file.sks; path = GameScene.sks; sourceTree = "<group>"; };
		43E19EF5227862EF003096D8 /* Actions.sks */ = {isa = PBXFileReference; lastKnownFileType = file.sks; path = Actions.sks; sourceTree = "<group>"; };
		43E19EF7227862EF003096D8 /* GameScene.swift */ = {isa = PBXFileReference; lastKnownFileType = sourcecode.swift; path = GameScene.swift; sourceTree = "<group>"; };
		43E19EF9227862EF003096D8 /* ViewController.swift */ = {isa = PBXFileReference; lastKnownFileType = sourcecode.swift; path = ViewController.swift; sourceTree = "<group>"; };
		43E19EFB227862F3003096D8 /* Assets.xcassets */ = {isa = PBXFileReference; lastKnownFileType = folder.assetcatalog; path = Assets.xcassets; sourceTree = "<group>"; };
		43E19EFE227862F3003096D8 /* Base */ = {isa = PBXFileReference; lastKnownFileType = file.storyboard; name = Base; path = Base.lproj/Main.storyboard; sourceTree = "<group>"; };
		43E19F00227862F3003096D8 /* Info.plist */ = {isa = PBXFileReference; lastKnownFileType = text.plist.xml; path = Info.plist; sourceTree = "<group>"; };
		43E19F01227862F3003096D8 /* Draw.entitlements */ = {isa = PBXFileReference; lastKnownFileType = text.plist.entitlements; path = Draw.entitlements; sourceTree = "<group>"; };
		43E19F06227862F4003096D8 /* DrawTests.xctest */ = {isa = PBXFileReference; explicitFileType = wrapper.cfbundle; includeInIndex = 0; path = DrawTests.xctest; sourceTree = BUILT_PRODUCTS_DIR; };
		43E19F0A227862F4003096D8 /* DrawTests.swift */ = {isa = PBXFileReference; lastKnownFileType = sourcecode.swift; path = DrawTests.swift; sourceTree = "<group>"; };
		43E19F0C227862F4003096D8 /* Info.plist */ = {isa = PBXFileReference; lastKnownFileType = text.plist.xml; path = Info.plist; sourceTree = "<group>"; };
		43E19F11227862F4003096D8 /* DrawUITests.xctest */ = {isa = PBXFileReference; explicitFileType = wrapper.cfbundle; includeInIndex = 0; path = DrawUITests.xctest; sourceTree = BUILT_PRODUCTS_DIR; };
		43E19F15227862F4003096D8 /* DrawUITests.swift */ = {isa = PBXFileReference; lastKnownFileType = sourcecode.swift; path = DrawUITests.swift; sourceTree = "<group>"; };
		43E19F17227862F4003096D8 /* Info.plist */ = {isa = PBXFileReference; lastKnownFileType = text.plist.xml; path = Info.plist; sourceTree = "<group>"; };
/* End PBXFileReference section */

/* Begin PBXFrameworksBuildPhase section */
		43E19EEB227862EF003096D8 /* Frameworks */ = {
			isa = PBXFrameworksBuildPhase;
			buildActionMask = 2147483647;
			files = (
			);
			runOnlyForDeploymentPostprocessing = 0;
		};
		43E19F03227862F4003096D8 /* Frameworks */ = {
			isa = PBXFrameworksBuildPhase;
			buildActionMask = 2147483647;
			files = (
			);
			runOnlyForDeploymentPostprocessing = 0;
		};
		43E19F0E227862F4003096D8 /* Frameworks */ = {
			isa = PBXFrameworksBuildPhase;
			buildActionMask = 2147483647;
			files = (
			);
			runOnlyForDeploymentPostprocessing = 0;
		};
/* End PBXFrameworksBuildPhase section */

/* Begin PBXGroup section */
		43E19EE5227862EF003096D8 = {
			isa = PBXGroup;
			children = (
				43E19EF0227862EF003096D8 /* Draw */,
				43E19F09227862F4003096D8 /* DrawTests */,
				43E19F14227862F4003096D8 /* DrawUITests */,
				43E19EEF227862EF003096D8 /* Products */,
			);
			sourceTree = "<group>";
		};
		43E19EEF227862EF003096D8 /* Products */ = {
			isa = PBXGroup;
			children = (
				43E19EEE227862EF003096D8 /* Draw.app */,
				43E19F06227862F4003096D8 /* DrawTests.xctest */,
				43E19F11227862F4003096D8 /* DrawUITests.xctest */,
			);
			name = Products;
			sourceTree = "<group>";
		};
		43E19EF0227862EF003096D8 /* Draw */ = {
			isa = PBXGroup;
			children = (
				43E19EF1227862EF003096D8 /* AppDelegate.swift */,
				43E19EF3227862EF003096D8 /* GameScene.sks */,
				43E19EF5227862EF003096D8 /* Actions.sks */,
				43E19EF7227862EF003096D8 /* GameScene.swift */,
				43E19EF9227862EF003096D8 /* ViewController.swift */,
				43E19EFB227862F3003096D8 /* Assets.xcassets */,
				43E19EFD227862F3003096D8 /* Main.storyboard */,
				43E19F00227862F3003096D8 /* Info.plist */,
				43E19F01227862F3003096D8 /* Draw.entitlements */,
			);
			path = Draw;
			sourceTree = "<group>";
		};
		43E19F09227862F4003096D8 /* DrawTests */ = {
			isa = PBXGroup;
			children = (
				43E19F0A227862F4003096D8 /* DrawTests.swift */,
				43E19F0C227862F4003096D8 /* Info.plist */,
			);
			path = DrawTests;
			sourceTree = "<group>";
		};
		43E19F14227862F4003096D8 /* DrawUITests */ = {
			isa = PBXGroup;
			children = (
				43E19F15227862F4003096D8 /* DrawUITests.swift */,
				43E19F17227862F4003096D8 /* Info.plist */,
			);
			path = DrawUITests;
			sourceTree = "<group>";
		};
/* End PBXGroup section */

/* Begin PBXNativeTarget section */
		43E19EED227862EF003096D8 /* Draw */ = {
			isa = PBXNativeTarget;
			buildConfigurationList = 43E19F1A227862F4003096D8 /* Build configuration list for PBXNativeTarget "Draw" */;
			buildPhases = (
				43E19EEA227862EF003096D8 /* Sources */,
				43E19EEB227862EF003096D8 /* Frameworks */,
				43E19EEC227862EF003096D8 /* Resources */,
			);
			buildRules = (
			);
			dependencies = (
			);
			name = Draw;
			productName = Draw;
			productReference = 43E19EEE227862EF003096D8 /* Draw.app */;
			productType = "com.apple.product-type.application";
		};
		43E19F05227862F4003096D8 /* DrawTests */ = {
			isa = PBXNativeTarget;
			buildConfigurationList = 43E19F1D227862F4003096D8 /* Build configuration list for PBXNativeTarget "DrawTests" */;
			buildPhases = (
				43E19F02227862F4003096D8 /* Sources */,
				43E19F03227862F4003096D8 /* Frameworks */,
				43E19F04227862F4003096D8 /* Resources */,
			);
			buildRules = (
			);
			dependencies = (
				43E19F08227862F4003096D8 /* PBXTargetDependency */,
			);
			name = DrawTests;
			productName = DrawTests;
			productReference = 43E19F06227862F4003096D8 /* DrawTests.xctest */;
			productType = "com.apple.product-type.bundle.unit-test";
		};
		43E19F10227862F4003096D8 /* DrawUITests */ = {
			isa = PBXNativeTarget;
			buildConfigurationList = 43E19F20227862F4003096D8 /* Build configuration list for PBXNativeTarget "DrawUITests" */;
			buildPhases = (
				43E19F0D227862F4003096D8 /* Sources */,
				43E19F0E227862F4003096D8 /* Frameworks */,
				43E19F0F227862F4003096D8 /* Resources */,
			);
			buildRules = (
			);
			dependencies = (
				43E19F13227862F4003096D8 /* PBXTargetDependency */,
			);
			name = DrawUITests;
			productName = DrawUITests;
			productReference = 43E19F11227862F4003096D8 /* DrawUITests.xctest */;
			productType = "com.apple.product-type.bundle.ui-testing";
		};
/* End PBXNativeTarget section */

/* Begin PBXProject section */
		43E19EE6227862EF003096D8 /* Project object */ = {
			isa = PBXProject;
			attributes = {
				LastSwiftUpdateCheck = 1020;
				LastUpgradeCheck = 1020;
				ORGANIZATIONNAME = Benjamin;
				TargetAttributes = {
					43E19EED227862EF003096D8 = {
						CreatedOnToolsVersion = 10.2.1;
					};
					43E19F05227862F4003096D8 = {
						CreatedOnToolsVersion = 10.2.1;
						TestTargetID = 43E19EED227862EF003096D8;
					};
					43E19F10227862F4003096D8 = {
						CreatedOnToolsVersion = 10.2.1;
						TestTargetID = 43E19EED227862EF003096D8;
					};
				};
			};
			buildConfigurationList = 43E19EE9227862EF003096D8 /* Build configuration list for PBXProject "Draw" */;
			compatibilityVersion = "Xcode 9.3";
			developmentRegion = en;
			hasScannedForEncodings = 0;
			knownRegions = (
				en,
				Base,
			);
			mainGroup = 43E19EE5227862EF003096D8;
			productRefGroup = 43E19EEF227862EF003096D8 /* Products */;
			projectDirPath = "";
			projectRoot = "";
			targets = (
				43E19EED227862EF003096D8 /* Draw */,
				43E19F05227862F4003096D8 /* DrawTests */,
				43E19F10227862F4003096D8 /* DrawUITests */,
			);
		};
/* End PBXProject section */

/* Begin PBXResourcesBuildPhase section */
		43E19EEC227862EF003096D8 /* Resources */ = {
			isa = PBXResourcesBuildPhase;
			buildActionMask = 2147483647;
			files = (
				43E19EF4227862EF003096D8 /* GameScene.sks in Resources */,
				43E19EFC227862F3003096D8 /* Assets.xcassets in Resources */,
				43E19EF6227862EF003096D8 /* Actions.sks in Resources */,
				43E19EFF227862F3003096D8 /* Main.storyboard in Resources */,
			);
			runOnlyForDeploymentPostprocessing = 0;
		};
		43E19F04227862F4003096D8 /* Resources */ = {
			isa = PBXResourcesBuildPhase;
			buildActionMask = 2147483647;
			files = (
			);
			runOnlyForDeploymentPostprocessing = 0;
		};
		43E19F0F227862F4003096D8 /* Resources */ = {
			isa = PBXResourcesBuildPhase;
			buildActionMask = 2147483647;
			files = (
			);
			runOnlyForDeploymentPostprocessing = 0;
		};
/* End PBXResourcesBuildPhase section */

/* Begin PBXSourcesBuildPhase section */
		43E19EEA227862EF003096D8 /* Sources */ = {
			isa = PBXSourcesBuildPhase;
			buildActionMask = 2147483647;
			files = (
				43E19EFA227862EF003096D8 /* ViewController.swift in Sources */,
				43E19EF8227862EF003096D8 /* GameScene.swift in Sources */,
				43E19EF2227862EF003096D8 /* AppDelegate.swift in Sources */,
			);
			runOnlyForDeploymentPostprocessing = 0;
		};
		43E19F02227862F4003096D8 /* Sources */ = {
			isa = PBXSourcesBuildPhase;
			buildActionMask = 2147483647;
			files = (
				43E19F0B227862F4003096D8 /* DrawTests.swift in Sources */,
			);
			runOnlyForDeploymentPostprocessing = 0;
		};
		43E19F0D227862F4003096D8 /* Sources */ = {
			isa = PBXSourcesBuildPhase;
			buildActionMask = 2147483647;
			files = (
				43E19F16227862F4003096D8 /* DrawUITests.swift in Sources */,
			);
			runOnlyForDeploymentPostprocessing = 0;
		};
/* End PBXSourcesBuildPhase section */

/* Begin PBXTargetDependency section */
		43E19F08227862F4003096D8 /* PBXTargetDependency */ = {
			isa = PBXTargetDependency;
			target = 43E19EED227862EF003096D8 /* Draw */;
			targetProxy = 43E19F07227862F4003096D8 /* PBXContainerItemProxy */;
		};
		43E19F13227862F4003096D8 /* PBXTargetDependency */ = {
			isa = PBXTargetDependency;
			target = 43E19EED227862EF003096D8 /* Draw */;
			targetProxy = 43E19F12227862F4003096D8 /* PBXContainerItemProxy */;
		};
/* End PBXTargetDependency section */

/* Begin PBXVariantGroup section */
		43E19EFD227862F3003096D8 /* Main.storyboard */ = {
			isa = PBXVariantGroup;
			children = (
				43E19EFE227862F3003096D8 /* Base */,
			);
			name = Main.storyboard;
			sourceTree = "<group>";
		};
/* End PBXVariantGroup section */

/* Begin XCBuildConfiguration section */
		43E19F18227862F4003096D8 /* Debug */ = {
			isa = XCBuildConfiguration;
			buildSettings = {
				ALWAYS_SEARCH_USER_PATHS = NO;
				CLANG_ANALYZER_NONNULL = YES;
				CLANG_ANALYZER_NUMBER_OBJECT_CONVERSION = YES_AGGRESSIVE;
				CLANG_CXX_LANGUAGE_STANDARD = "gnu++14";
				CLANG_CXX_LIBRARY = "libc++";
				CLANG_ENABLE_MODULES = YES;
				CLANG_ENABLE_OBJC_ARC = YES;
				CLANG_ENABLE_OBJC_WEAK = YES;
				CLANG_WARN_BLOCK_CAPTURE_AUTORELEASING = YES;
				CLANG_WARN_BOOL_CONVERSION = YES;
				CLANG_WARN_COMMA = YES;
				CLANG_WARN_CONSTANT_CONVERSION = YES;
				CLANG_WARN_DEPRECATED_OBJC_IMPLEMENTATIONS = YES;
				CLANG_WARN_DIRECT_OBJC_ISA_USAGE = YES_ERROR;
				CLANG_WARN_DOCUMENTATION_COMMENTS = YES;
				CLANG_WARN_EMPTY_BODY = YES;
				CLANG_WARN_ENUM_CONVERSION = YES;
				CLANG_WARN_INFINITE_RECURSION = YES;
				CLANG_WARN_INT_CONVERSION = YES;
				CLANG_WARN_NON_LITERAL_NULL_CONVERSION = YES;
				CLANG_WARN_OBJC_IMPLICIT_RETAIN_SELF = YES;
				CLANG_WARN_OBJC_LITERAL_CONVERSION = YES;
				CLANG_WARN_OBJC_ROOT_CLASS = YES_ERROR;
				CLANG_WARN_RANGE_LOOP_ANALYSIS = YES;
				CLANG_WARN_STRICT_PROTOTYPES = YES;
				CLANG_WARN_SUSPICIOUS_MOVE = YES;
				CLANG_WARN_UNGUARDED_AVAILABILITY = YES_AGGRESSIVE;
				CLANG_WARN_UNREACHABLE_CODE = YES;
				CLANG_WARN__DUPLICATE_METHOD_MATCH = YES;
				CODE_SIGN_IDENTITY = "-";
				COPY_PHASE_STRIP = NO;
				DEBUG_INFORMATION_FORMAT = dwarf;
				ENABLE_STRICT_OBJC_MSGSEND = YES;
				ENABLE_TESTABILITY = YES;
				GCC_C_LANGUAGE_STANDARD = gnu11;
				GCC_DYNAMIC_NO_PIC = NO;
				GCC_NO_COMMON_BLOCKS = YES;
				GCC_OPTIMIZATION_LEVEL = 0;
				GCC_PREPROCESSOR_DEFINITIONS = (
					"DEBUG=1",
					"$(inherited)",
				);
				GCC_WARN_64_TO_32_BIT_CONVERSION = YES;
				GCC_WARN_ABOUT_RETURN_TYPE = YES_ERROR;
				GCC_WARN_UNDECLARED_SELECTOR = YES;
				GCC_WARN_UNINITIALIZED_AUTOS = YES_AGGRESSIVE;
				GCC_WARN_UNUSED_FUNCTION = YES;
				GCC_WARN_UNUSED_VARIABLE = YES;
				MACOSX_DEPLOYMENT_TARGET = 10.14;
				MTL_ENABLE_DEBUG_INFO = INCLUDE_SOURCE;
				MTL_FAST_MATH = YES;
				ONLY_ACTIVE_ARCH = YES;
				SDKROOT = macosx;
				SWIFT_ACTIVE_COMPILATION_CONDITIONS = DEBUG;
				SWIFT_OPTIMIZATION_LEVEL = "-Onone";
			};
			name = Debug;
		};
		43E19F19227862F4003096D8 /* Release */ = {
			isa = XCBuildConfiguration;
			buildSettings = {
				ALWAYS_SEARCH_USER_PATHS = NO;
				CLANG_ANALYZER_NONNULL = YES;
				CLANG_ANALYZER_NUMBER_OBJECT_CONVERSION = YES_AGGRESSIVE;
				CLANG_CXX_LANGUAGE_STANDARD = "gnu++14";
				CLANG_CXX_LIBRARY = "libc++";
				CLANG_ENABLE_MODULES = YES;
				CLANG_ENABLE_OBJC_ARC = YES;
				CLANG_ENABLE_OBJC_WEAK = YES;
				CLANG_WARN_BLOCK_CAPTURE_AUTORELEASING = YES;
				CLANG_WARN_BOOL_CONVERSION = YES;
				CLANG_WARN_COMMA = YES;
				CLANG_WARN_CONSTANT_CONVERSION = YES;
				CLANG_WARN_DEPRECATED_OBJC_IMPLEMENTATIONS = YES;
				CLANG_WARN_DIRECT_OBJC_ISA_USAGE = YES_ERROR;
				CLANG_WARN_DOCUMENTATION_COMMENTS = YES;
				CLANG_WARN_EMPTY_BODY = YES;
				CLANG_WARN_ENUM_CONVERSION = YES;
				CLANG_WARN_INFINITE_RECURSION = YES;
				CLANG_WARN_INT_CONVERSION = YES;
				CLANG_WARN_NON_LITERAL_NULL_CONVERSION = YES;
				CLANG_WARN_OBJC_IMPLICIT_RETAIN_SELF = YES;
				CLANG_WARN_OBJC_LITERAL_CONVERSION = YES;
				CLANG_WARN_OBJC_ROOT_CLASS = YES_ERROR;
				CLANG_WARN_RANGE_LOOP_ANALYSIS = YES;
				CLANG_WARN_STRICT_PROTOTYPES = YES;
				CLANG_WARN_SUSPICIOUS_MOVE = YES;
				CLANG_WARN_UNGUARDED_AVAILABILITY = YES_AGGRESSIVE;
				CLANG_WARN_UNREACHABLE_CODE = YES;
				CLANG_WARN__DUPLICATE_METHOD_MATCH = YES;
				CODE_SIGN_IDENTITY = "-";
				COPY_PHASE_STRIP = NO;
				DEBUG_INFORMATION_FORMAT = "dwarf-with-dsym";
				ENABLE_NS_ASSERTIONS = NO;
				ENABLE_STRICT_OBJC_MSGSEND = YES;
				GCC_C_LANGUAGE_STANDARD = gnu11;
				GCC_NO_COMMON_BLOCKS = YES;
				GCC_WARN_64_TO_32_BIT_CONVERSION = YES;
				GCC_WARN_ABOUT_RETURN_TYPE = YES_ERROR;
				GCC_WARN_UNDECLARED_SELECTOR = YES;
				GCC_WARN_UNINITIALIZED_AUTOS = YES_AGGRESSIVE;
				GCC_WARN_UNUSED_FUNCTION = YES;
				GCC_WARN_UNUSED_VARIABLE = YES;
				MACOSX_DEPLOYMENT_TARGET = 10.14;
				MTL_ENABLE_DEBUG_INFO = NO;
				MTL_FAST_MATH = YES;
				SDKROOT = macosx;
				SWIFT_COMPILATION_MODE = wholemodule;
				SWIFT_OPTIMIZATION_LEVEL = "-O";
			};
			name = Release;
		};
		43E19F1B227862F4003096D8 /* Debug */ = {
			isa = XCBuildConfiguration;
			buildSettings = {
				ASSETCATALOG_COMPILER_APPICON_NAME = AppIcon;
				CODE_SIGN_ENTITLEMENTS = Draw/Draw.entitlements;
				CODE_SIGN_STYLE = Automatic;
				COMBINE_HIDPI_IMAGES = YES;
				INFOPLIST_FILE = Draw/Info.plist;
				LD_RUNPATH_SEARCH_PATHS = (
					"$(inherited)",
					"@executable_path/../Frameworks",
				);
				PRODUCT_BUNDLE_IDENTIFIER = bawnorton.Draw;
				PRODUCT_NAME = "$(TARGET_NAME)";
				SWIFT_VERSION = 5.0;
			};
			name = Debug;
		};
		43E19F1C227862F4003096D8 /* Release */ = {
			isa = XCBuildConfiguration;
			buildSettings = {
				ASSETCATALOG_COMPILER_APPICON_NAME = AppIcon;
				CODE_SIGN_ENTITLEMENTS = Draw/Draw.entitlements;
				CODE_SIGN_STYLE = Automatic;
				COMBINE_HIDPI_IMAGES = YES;
				INFOPLIST_FILE = Draw/Info.plist;
				LD_RUNPATH_SEARCH_PATHS = (
					"$(inherited)",
					"@executable_path/../Frameworks",
				);
				PRODUCT_BUNDLE_IDENTIFIER = bawnorton.Draw;
				PRODUCT_NAME = "$(TARGET_NAME)";
				SWIFT_VERSION = 5.0;
			};
			name = Release;
		};
		43E19F1E227862F4003096D8 /* Debug */ = {
			isa = XCBuildConfiguration;
			buildSettings = {
				ALWAYS_EMBED_SWIFT_STANDARD_LIBRARIES = YES;
				BUNDLE_LOADER = "$(TEST_HOST)";
				CODE_SIGN_STYLE = Automatic;
				COMBINE_HIDPI_IMAGES = YES;
				INFOPLIST_FILE = DrawTests/Info.plist;
				LD_RUNPATH_SEARCH_PATHS = (
					"$(inherited)",
					"@executable_path/../Frameworks",
					"@loader_path/../Frameworks",
				);
				PRODUCT_BUNDLE_IDENTIFIER = bawnorton.DrawTests;
				PRODUCT_NAME = "$(TARGET_NAME)";
				SWIFT_VERSION = 5.0;
				TEST_HOST = "$(BUILT_PRODUCTS_DIR)/Draw.app/Contents/MacOS/Draw";
			};
			name = Debug;
		};
		43E19F1F227862F4003096D8 /* Release */ = {
			isa = XCBuildConfiguration;
			buildSettings = {
				ALWAYS_EMBED_SWIFT_STANDARD_LIBRARIES = YES;
				BUNDLE_LOADER = "$(TEST_HOST)";
				CODE_SIGN_STYLE = Automatic;
				COMBINE_HIDPI_IMAGES = YES;
				INFOPLIST_FILE = DrawTests/Info.plist;
				LD_RUNPATH_SEARCH_PATHS = (
					"$(inherited)",
					"@executable_path/../Frameworks",
					"@loader_path/../Frameworks",
				);
				PRODUCT_BUNDLE_IDENTIFIER = bawnorton.DrawTests;
				PRODUCT_NAME = "$(TARGET_NAME)";
				SWIFT_VERSION = 5.0;
				TEST_HOST = "$(BUILT_PRODUCTS_DIR)/Draw.app/Contents/MacOS/Draw";
			};
			name = Release;
		};
		43E19F21227862F4003096D8 /* Debug */ = {
			isa = XCBuildConfiguration;
			buildSettings = {
				ALWAYS_EMBED_SWIFT_STANDARD_LIBRARIES = YES;
				CODE_SIGN_STYLE = Automatic;
				COMBINE_HIDPI_IMAGES = YES;
				INFOPLIST_FILE = DrawUITests/Info.plist;
				LD_RUNPATH_SEARCH_PATHS = (
					"$(inherited)",
					"@executable_path/../Frameworks",
					"@loader_path/../Frameworks",
				);
				PRODUCT_BUNDLE_IDENTIFIER = bawnorton.DrawUITests;
				PRODUCT_NAME = "$(TARGET_NAME)";
				SWIFT_VERSION = 5.0;
				TEST_TARGET_NAME = Draw;
			};
			name = Debug;
		};
		43E19F22227862F4003096D8 /* Release */ = {
			isa = XCBuildConfiguration;
			buildSettings = {
				ALWAYS_EMBED_SWIFT_STANDARD_LIBRARIES = YES;
				CODE_SIGN_STYLE = Automatic;
				COMBINE_HIDPI_IMAGES = YES;
				INFOPLIST_FILE = DrawUITests/Info.plist;
				LD_RUNPATH_SEARCH_PATHS = (
					"$(inherited)",
					"@executable_path/../Frameworks",
					"@loader_path/../Frameworks",
				);
				PRODUCT_BUNDLE_IDENTIFIER = bawnorton.DrawUITests;
				PRODUCT_NAME = "$(TARGET_NAME)";
				SWIFT_VERSION = 5.0;
				TEST_TARGET_NAME = Draw;
			};
			name = Release;
		};
/* End XCBuildConfiguration section */

/* Begin XCConfigurationList section */
		43E19EE9227862EF003096D8 /* Build configuration list for PBXProject "Draw" */ = {
			isa = XCConfigurationList;
			buildConfigurations = (
				43E19F18227862F4003096D8 /* Debug */,
				43E19F19227862F4003096D8 /* Release */,
			);
			defaultConfigurationIsVisible = 0;
			defaultConfigurationName = Release;
		};
		43E19F1A227862F4003096D8 /* Build configuration list for PBXNativeTarget "Draw" */ = {
			isa = XCConfigurationList;
			buildConfigurations = (
				43E19F1B227862F4003096D8 /* Debug */,
				43E19F1C227862F4003096D8 /* Release */,
			);
			defaultConfigurationIsVisible = 0;
			defaultConfigurationName = Release;
		};
		43E19F1D227862F4003096D8 /* Build configuration list for PBXNativeTarget "DrawTests" */ = {
			isa = XCConfigurationList;
			buildConfigurations = (
				43E19F1E227862F4003096D8 /* Debug */,
				43E19F1F227862F4003096D8 /* Release */,
			);
			defaultConfigurationIsVisible = 0;
			defaultConfigurationName = Release;
		};
		43E19F20227862F4003096D8 /* Build configuration list for PBXNativeTarget "DrawUITests" */ = {
			isa = XCConfigurationList;
			buildConfigurations = (
				43E19F21227862F4003096D8 /* Debug */,
				43E19F22227862F4003096D8 /* Release */,
			);
			defaultConfigurationIsVisible = 0;
			defaultConfigurationName = Release;
		};
/* End XCConfigurationList section */
	};
	rootObject = 43E19EE6227862EF003096D8 /* Project object */;
}
